{
  "name": "express-wikimedia-collections",
  "version": "0.9.0",
  "lockfileVersion": 1,
  "dependencies": {
    "encoding": {
      "version": "https://registry.npmjs.org/encoding/-/encoding-0.1.12.tgz",
      "integrity": "sha1-U4tm8+5izRq1HsMjgp0flIDHS+s="
    },
    "iconv-lite": {
      "version": "https://registry.npmjs.org/iconv-lite/-/iconv-lite-0.4.24.tgz",
      "integrity": "sha1-ICK0sl+93CHS9SSXSkdKr+czkIs="
    },
    "is-stream": {
      "version": "https://registry.npmjs.org/is-stream/-/is-stream-1.1.0.tgz",
      "integrity": "sha1-EtSj3U5o4Lec6428hBc66A2RykQ="
    },
    "md5-hex": {
      "version": "2.0.0",
      "resolved": "https://registry.npmjs.org/md5-hex/-/md5-hex-2.0.0.tgz",
      "integrity": "sha1-0FiOnxx0lUSS7NJKwKxs6ZfZLjM="
    },
    "md5-o-matic": {
      "version": "0.1.1",
      "resolved": "https://registry.npmjs.org/md5-o-matic/-/md5-o-matic-0.1.1.tgz",
      "integrity": "sha1-givM1l4RfFFPqxdrJZRdVBAKA8M="
    },
    "node-fetch": {
      "version": "https://registry.npmjs.org/node-fetch/-/node-fetch-1.7.3.tgz",
      "integrity": "sha1-mA9vcthSEaU0fGsrwYxbhMPrR+8="
    },
    "node-jquery-param": {
      "version": "https://registry.npmjs.org/node-jquery-param/-/node-jquery-param-0.0.2.tgz",
      "integrity": "sha1-QcK/GlChUc1Z9f8XelBNe3WpinE="
    },
    "oauth": {
      "version": "https://registry.npmjs.org/oauth/-/oauth-0.9.15.tgz",
      "integrity": "sha1-vR/vr2hslrdUda7VGWQS/2DPucE="
    },
    "oauth-fetch-json": {
      "version": "0.3.2",
      "resolved": "https://registry.npmjs.org/oauth-fetch-json/-/oauth-fetch-json-0.3.2.tgz",
      "integrity": "sha1-sjBJFzqoDlZJNko10gNLpAatV8E="
    },
    "querystring": {
      "version": "https://registry.npmjs.org/querystring/-/querystring-0.2.0.tgz",
      "integrity": "sha1-sgmEkgO7Jd+CDadW50cAWHhSFiA="
    },
    "safer-buffer": {
      "version": "https://registry.npmjs.org/safer-buffer/-/safer-buffer-2.1.2.tgz",
      "integrity": "sha1-RPoWGwGHuVSd2Eu5GAL5vYOFzWo="
    }
  }
}
